
Microsoft Visual Studio Solution File, Format Version 12.00
# Visual Studio Version 17
VisualStudioVersion = 17.14.37012.4 d17.14
MinimumVisualStudioVersion = 10.0.40219.1
Project("{FAE04EC0-301F-11D3-BF4B-00C04F79EFBC}") = "FilesCombiner", "FilesCombiner\FilesCombiner.csproj", "{53A00F6E-CA6E-4943-AC84-45FEF9534CBD}"
EndProject
Global
	GlobalSection(SolutionConfigurationPlatforms) = preSolution
		Debug|Any CPU = Debug|Any CPU
		Release|Any CPU = Release|Any CPU
	EndGlobalSection
	GlobalSection(ProjectConfigurationPlatforms) = postSolution
		{53A00F6E-CA6E-4943-AC84-45FEF9534CBD}.Debug|Any CPU.ActiveCfg = Debug|Any CPU
		{53A00F6E-CA6E-4943-AC84-45FEF9534CBD}.Debug|Any CPU.Build.0 = Debug|Any CPU
		{53A00F6E-CA6E-4943-AC84-45FEF9534CBD}.Release|Any CPU.ActiveCfg = Release|Any CPU
		{53A00F6E-CA6E-4943-AC84-45FEF9534CBD}.Release|Any CPU.Build.0 = Release|Any CPU
	EndGlobalSection
	GlobalSection(SolutionProperties) = preSolution
		HideSolutionNode = FALSE
	EndGlobalSection
	GlobalSection(ExtensibilityGlobals) = postSolution
		SolutionGuid = {D0DB2AF9-541E-4B12-A7D3-E358A41A0971}
	EndGlobalSection
EndGlobal
